// !$*UTF8*$!
{
	archiveVersion = 1;
	classes = {
	};
	objectVersion = 55;
	objects = {

/* Begin PBXBuildFile section */
		45617FC5285905BA00DF1829 /* GamesView.swift in Sources */ = {isa = PBXBuildFile; fileRef = 45617FC4285905B900DF1829 /* GamesView.swift */; };
		45617FC92859077D00DF1829 /* Model.swift in Sources */ = {isa = PBXBuildFile; fileRef = 45617FC82859077D00DF1829 /* Model.swift */; };
		45617FCC285907A600DF1829 /* HomeView.swift in Sources */ = {isa = PBXBuildFile; fileRef = 45617FCB285907A600DF1829 /* HomeView.swift */; };
		45617FCE2859085B00DF1829 /* ViewModel.swift in Sources */ = {isa = PBXBuildFile; fileRef = 45617FCD2859085B00DF1829 /* ViewModel.swift */; };
		45617FD028590FFF00DF1829 /* FavoritesView.swift in Sources */ = {isa = PBXBuildFile; fileRef = 45617FCF28590FFF00DF1829 /* FavoritesView.swift */; };
		45617FD22859102D00DF1829 /* SettingsView.swift in Sources */ = {isa = PBXBuildFile; fileRef = 45617FD12859102D00DF1829 /* SettingsView.swift */; };
		45617FD42859104F00DF1829 /* ProfileView.swift in Sources */ = {isa = PBXBuildFile; fileRef = 45617FD32859104F00DF1829 /* ProfileView.swift */; };
		45617FD7285933F800DF1829 /* Kingfisher in Frameworks */ = {isa = PBXBuildFile; productRef = 45617FD6285933F800DF1829 /* Kingfisher */; };
		45617FD92859360100DF1829 /* SingleGameView.swift in Sources */ = {isa = PBXBuildFile; fileRef = 45617FD82859360100DF1829 /* SingleGameView.swift */; };
		45617FDB2859581500DF1829 /* SearchGame.swift in Sources */ = {isa = PBXBuildFile; fileRef = 45617FDA2859581500DF1829 /* SearchGame.swift */; };
		456B35CC2859952E00A398B1 /* EditProfileView.swift in Sources */ = {isa = PBXBuildFile; fileRef = 456B35CB2859952E00A398B1 /* EditProfileView.swift */; };
		456B35CE28599C5700A398B1 /* SaveData.swift in Sources */ = {isa = PBXBuildFile; fileRef = 456B35CD28599C5700A398B1 /* SaveData.swift */; };
		456B35D02859A2BD00A398B1 /* SUImagePickerView.swift in Sources */ = {isa = PBXBuildFile; fileRef = 456B35CF2859A2BD00A398B1 /* SUImagePickerView.swift */; };
		458427632855A22E00008108 /* GameViewAppApp.swift in Sources */ = {isa = PBXBuildFile; fileRef = 458427622855A22E00008108 /* GameViewAppApp.swift */; };
		458427652855A22E00008108 /* ContentView.swift in Sources */ = {isa = PBXBuildFile; fileRef = 458427642855A22E00008108 /* ContentView.swift */; };
		458427672855A23100008108 /* Assets.xcassets in Resources */ = {isa = PBXBuildFile; fileRef = 458427662855A23100008108 /* Assets.xcassets */; };
		4584276A2855A23100008108 /* Preview Assets.xcassets in Resources */ = {isa = PBXBuildFile; fileRef = 458427692855A23100008108 /* Preview Assets.xcassets */; };
		458427752856D1D700008108 /* Home.swift in Sources */ = {isa = PBXBuildFile; fileRef = 458427742856D1D700008108 /* Home.swift */; };
/* End PBXBuildFile section */

/* Begin PBXFileReference section */
		45617FC4285905B900DF1829 /* GamesView.swift */ = {isa = PBXFileReference; lastKnownFileType = sourcecode.swift; path = GamesView.swift; sourceTree = "<group>"; };
		45617FC82859077D00DF1829 /* Model.swift */ = {isa = PBXFileReference; lastKnownFileType = sourcecode.swift; path = Model.swift; sourceTree = "<group>"; };
		45617FCB285907A600DF1829 /* HomeView.swift */ = {isa = PBXFileReference; lastKnownFileType = sourcecode.swift; path = HomeView.swift; sourceTree = "<group>"; };
		45617FCD2859085B00DF1829 /* ViewModel.swift */ = {isa = PBXFileReference; lastKnownFileType = sourcecode.swift; path = ViewModel.swift; sourceTree = "<group>"; };
		45617FCF28590FFF00DF1829 /* FavoritesView.swift */ = {isa = PBXFileReference; lastKnownFileType = sourcecode.swift; path = FavoritesView.swift; sourceTree = "<group>"; };
		45617FD12859102D00DF1829 /* SettingsView.swift */ = {isa = PBXFileReference; lastKnownFileType = sourcecode.swift; path = SettingsView.swift; sourceTree = "<group>"; };
		45617FD32859104F00DF1829 /* ProfileView.swift */ = {isa = PBXFileReference; lastKnownFileType = sourcecode.swift; path = ProfileView.swift; sourceTree = "<group>"; };
		45617FD82859360100DF1829 /* SingleGameView.swift */ = {isa = PBXFileReference; lastKnownFileType = sourcecode.swift; path = SingleGameView.swift; sourceTree = "<group>"; };
		45617FDA2859581500DF1829 /* SearchGame.swift */ = {isa = PBXFileReference; lastKnownFileType = sourcecode.swift; path = SearchGame.swift; sourceTree = "<group>"; };
		456B35CB2859952E00A398B1 /* EditProfileView.swift */ = {isa = PBXFileReference; lastKnownFileType = sourcecode.swift; path = EditProfileView.swift; sourceTree = "<group>"; };
		456B35CD28599C5700A398B1 /* SaveData.swift */ = {isa = PBXFileReference; lastKnownFileType = sourcecode.swift; path = SaveData.swift; sourceTree = "<group>"; };
		456B35CF2859A2BD00A398B1 /* SUImagePickerView.swift */ = {isa = PBXFileReference; fileEncoding = 4; lastKnownFileType = sourcecode.swift; path = SUImagePickerView.swift; sourceTree = "<group>"; };
		4584275F2855A22E00008108 /* GameViewApp.app */ = {isa = PBXFileReference; explicitFileType = wrapper.application; includeInIndex = 0; path = GameViewApp.app; sourceTree = BUILT_PRODUCTS_DIR; };
		458427622855A22E00008108 /* GameViewAppApp.swift */ = {isa = PBXFileReference; lastKnownFileType = sourcecode.swift; path = GameViewAppApp.swift; sourceTree = "<group>"; };
		458427642855A22E00008108 /* ContentView.swift */ = {isa = PBXFileReference; lastKnownFileType = sourcecode.swift; path = ContentView.swift; sourceTree = "<group>"; };
		458427662855A23100008108 /* Assets.xcassets */ = {isa = PBXFileReference; lastKnownFileType = folder.assetcatalog; path = Assets.xcassets; sourceTree = "<group>"; };
		458427692855A23100008108 /* Preview Assets.xcassets */ = {isa = PBXFileReference; lastKnownFileType = folder.assetcatalog; path = "Preview Assets.xcassets"; sourceTree = "<group>"; };
		458427742856D1D700008108 /* Home.swift */ = {isa = PBXFileReference; lastKnownFileType = sourcecode.swift; path = Home.swift; sourceTree = "<group>"; };
/* End PBXFileReference section */

/* Begin PBXFrameworksBuildPhase section */
		4584275C2855A22E00008108 /* Frameworks */ = {
			isa = PBXFrameworksBuildPhase;
			buildActionMask = 2147483647;
			files = (
				45617FD7285933F800DF1829 /* Kingfisher in Frameworks */,
			);
			runOnlyForDeploymentPostprocessing = 0;
		};
/* End PBXFrameworksBuildPhase section */

/* Begin PBXGroup section */
		45617FC6285906C200DF1829 /* Views */ = {
			isa = PBXGroup;
			children = (
				458427642855A22E00008108 /* ContentView.swift */,
				45617FC4285905B900DF1829 /* GamesView.swift */,
				458427742856D1D700008108 /* Home.swift */,
				45617FCB285907A600DF1829 /* HomeView.swift */,
				45617FCF28590FFF00DF1829 /* FavoritesView.swift */,
				45617FD12859102D00DF1829 /* SettingsView.swift */,
				45617FD32859104F00DF1829 /* ProfileView.swift */,
				45617FD82859360100DF1829 /* SingleGameView.swift */,
				456B35CB2859952E00A398B1 /* EditProfileView.swift */,
			);
			path = Views;
			sourceTree = "<group>";
		};
		45617FC72859075700DF1829 /* Models */ = {
			isa = PBXGroup;
			children = (
				45617FC82859077D00DF1829 /* Model.swift */,
			);
			path = Models;
			sourceTree = "<group>";
		};
		45617FCA2859078800DF1829 /* ViewModels */ = {
			isa = PBXGroup;
			children = (
				456B35CF2859A2BD00A398B1 /* SUImagePickerView.swift */,
				45617FCD2859085B00DF1829 /* ViewModel.swift */,
				45617FDA2859581500DF1829 /* SearchGame.swift */,
				456B35CD28599C5700A398B1 /* SaveData.swift */,
			);
			path = ViewModels;
			sourceTree = "<group>";
		};
		458427562855A22E00008108 = {
			isa = PBXGroup;
			children = (
				458427612855A22E00008108 /* GameViewApp */,
				458427602855A22E00008108 /* Products */,
			);
			sourceTree = "<group>";
		};
		458427602855A22E00008108 /* Products */ = {
			isa = PBXGroup;
			children = (
				4584275F2855A22E00008108 /* GameViewApp.app */,
			);
			name = Products;
			sourceTree = "<group>";
		};
		458427612855A22E00008108 /* GameViewApp */ = {
			isa = PBXGroup;
			children = (
				45617FCA2859078800DF1829 /* ViewModels */,
				45617FC72859075700DF1829 /* Models */,
				45617FC6285906C200DF1829 /* Views */,
				458427622855A22E00008108 /* GameViewAppApp.swift */,
				458427662855A23100008108 /* Assets.xcassets */,
				458427682855A23100008108 /* Preview Content */,
			);
			path = GameViewApp;
			sourceTree = "<group>";
		};
		458427682855A23100008108 /* Preview Content */ = {
			isa = PBXGroup;
			children = (
				458427692855A23100008108 /* Preview Assets.xcassets */,
			);
			path = "Preview Content";
			sourceTree = "<group>";
		};
/* End PBXGroup section */

/* Begin PBXNativeTarget section */
		4584275E2855A22E00008108 /* GameViewApp */ = {
			isa = PBXNativeTarget;
			buildConfigurationList = 4584276D2855A23100008108 /* Build configuration list for PBXNativeTarget "GameViewApp" */;
			buildPhases = (
				4584275B2855A22E00008108 /* Sources */,
				4584275C2855A22E00008108 /* Frameworks */,
				4584275D2855A22E00008108 /* Resources */,
			);
			buildRules = (
			);
			dependencies = (
			);
			name = GameViewApp;
			packageProductDependencies = (
				45617FD6285933F800DF1829 /* Kingfisher */,
			);
			productName = GameViewApp;
			productReference = 4584275F2855A22E00008108 /* GameViewApp.app */;
			productType = "com.apple.product-type.application";
		};
/* End PBXNativeTarget section */

/* Begin PBXProject section */
		458427572855A22E00008108 /* Project object */ = {
			isa = PBXProject;
			attributes = {
				BuildIndependentTargetsInParallel = 1;
				LastSwiftUpdateCheck = 1300;
				LastUpgradeCheck = 1300;
				TargetAttributes = {
					4584275E2855A22E00008108 = {
						CreatedOnToolsVersion = 13.0;
					};
				};
			};
			buildConfigurationList = 4584275A2855A22E00008108 /* Build configuration list for PBXProject "GameViewApp" */;
			compatibilityVersion = "Xcode 13.0";
			developmentRegion = en;
			hasScannedForEncodings = 0;
			knownRegions = (
				en,
				Base,
			);
			mainGroup = 458427562855A22E00008108;
			packageReferences = (
				45617FD5285933F800DF1829 /* XCRemoteSwiftPackageReference "Kingfisher" */,
			);
			productRefGroup = 458427602855A22E00008108 /* Products */;
			projectDirPath = "";
			projectRoot = "";
			targets = (
				4584275E2855A22E00008108 /* GameViewApp */,
			);
		};
/* End PBXProject section */

/* Begin PBXResourcesBuildPhase section */
		4584275D2855A22E00008108 /* Resources */ = {
			isa = PBXResourcesBuildPhase;
			buildActionMask = 2147483647;
			files = (
				4584276A2855A23100008108 /* Preview Assets.xcassets in Resources */,
				458427672855A23100008108 /* Assets.xcassets in Resources */,
			);
			runOnlyForDeploymentPostprocessing = 0;
		};
/* End PBXResourcesBuildPhase section */

/* Begin PBXSourcesBuildPhase section */
		4584275B2855A22E00008108 /* Sources */ = {
			isa = PBXSourcesBuildPhase;
			buildActionMask = 2147483647;
			files = (
				45617FC92859077D00DF1829 /* Model.swift in Sources */,
				45617FD92859360100DF1829 /* SingleGameView.swift in Sources */,
				456B35D02859A2BD00A398B1 /* SUImagePickerView.swift in Sources */,
				456B35CE28599C5700A398B1 /* SaveData.swift in Sources */,
				458427652855A22E00008108 /* ContentView.swift in Sources */,
				45617FD42859104F00DF1829 /* ProfileView.swift in Sources */,
				458427752856D1D700008108 /* Home.swift in Sources */,
				45617FD22859102D00DF1829 /* SettingsView.swift in Sources */,
				45617FCC285907A600DF1829 /* HomeView.swift in Sources */,
				45617FDB2859581500DF1829 /* SearchGame.swift in Sources */,
				45617FD028590FFF00DF1829 /* FavoritesView.swift in Sources */,
				45617FC5285905BA00DF1829 /* GamesView.swift in Sources */,
				458427632855A22E00008108 /* GameViewAppApp.swift in Sources */,
				456B35CC2859952E00A398B1 /* EditProfileView.swift in Sources */,
				45617FCE2859085B00DF1829 /* ViewModel.swift in Sources */,
			);
			runOnlyForDeploymentPostprocessing = 0;
		};
/* End PBXSourcesBuildPhase section */

/* Begin XCBuildConfiguration section */
		4584276B2855A23100008108 /* Debug */ = {
			isa = XCBuildConfiguration;
			buildSettings = {
				ALWAYS_SEARCH_USER_PATHS = NO;
				CLANG_ANALYZER_NONNULL = YES;
				CLANG_ANALYZER_NUMBER_OBJECT_CONVERSION = YES_AGGRESSIVE;
				CLANG_CXX_LANGUAGE_STANDARD = "gnu++17";
				CLANG_CXX_LIBRARY = "libc++";
				CLANG_ENABLE_MODULES = YES;
				CLANG_ENABLE_OBJC_ARC = YES;
				CLANG_ENABLE_OBJC_WEAK = YES;
				CLANG_WARN_BLOCK_CAPTURE_AUTORELEASING = YES;
				CLANG_WARN_BOOL_CONVERSION = YES;
				CLANG_WARN_COMMA = YES;
				CLANG_WARN_CONSTANT_CONVERSION = YES;
				CLANG_WARN_DEPRECATED_OBJC_IMPLEMENTATIONS = YES;
				CLANG_WARN_DIRECT_OBJC_ISA_USAGE = YES_ERROR;
				CLANG_WARN_DOCUMENTATION_COMMENTS = YES;
				CLANG_WARN_EMPTY_BODY = YES;
				CLANG_WARN_ENUM_CONVERSION = YES;
				CLANG_WARN_INFINITE_RECURSION = YES;
				CLANG_WARN_INT_CONVERSION = YES;
				CLANG_WARN_NON_LITERAL_NULL_CONVERSION = YES;
				CLANG_WARN_OBJC_IMPLICIT_RETAIN_SELF = YES;
				CLANG_WARN_OBJC_LITERAL_CONVERSION = YES;
				CLANG_WARN_OBJC_ROOT_CLASS = YES_ERROR;
				CLANG_WARN_QUOTED_INCLUDE_IN_FRAMEWORK_HEADER = YES;
				CLANG_WARN_RANGE_LOOP_ANALYSIS = YES;
				CLANG_WARN_STRICT_PROTOTYPES = YES;
				CLANG_WARN_SUSPICIOUS_MOVE = YES;
				CLANG_WARN_UNGUARDED_AVAILABILITY = YES_AGGRESSIVE;
				CLANG_WARN_UNREACHABLE_CODE = YES;
				CLANG_WARN__DUPLICATE_METHOD_MATCH = YES;
				COPY_PHASE_STRIP = NO;
				DEBUG_INFORMATION_FORMAT = dwarf;
				ENABLE_STRICT_OBJC_MSGSEND = YES;
				ENABLE_TESTABILITY = YES;
				GCC_C_LANGUAGE_STANDARD = gnu11;
				GCC_DYNAMIC_NO_PIC = NO;
				GCC_NO_COMMON_BLOCKS = YES;
				GCC_OPTIMIZATION_LEVEL = 0;
				GCC_PREPROCESSOR_DEFINITIONS = (
					"DEBUG=1",
					"$(inherited)",
				);
				GCC_WARN_64_TO_32_BIT_CONVERSION = YES;
				GCC_WARN_ABOUT_RETURN_TYPE = YES_ERROR;
				GCC_WARN_UNDECLARED_SELECTOR = YES;
				GCC_WARN_UNINITIALIZED_AUTOS = YES_AGGRESSIVE;
				GCC_WARN_UNUSED_FUNCTION = YES;
				GCC_WARN_UNUSED_VARIABLE = YES;
				IPHONEOS_DEPLOYMENT_TARGET = 15.0;
				MTL_ENABLE_DEBUG_INFO = INCLUDE_SOURCE;
				MTL_FAST_MATH = YES;
				ONLY_ACTIVE_ARCH = YES;
				SDKROOT = iphoneos;
				SWIFT_ACTIVE_COMPILATION_CONDITIONS = DEBUG;
				SWIFT_OPTIMIZATION_LEVEL = "-Onone";
			};
			name = Debug;
		};
		4584276C2855A23100008108 /* Release */ = {
			isa = XCBuildConfiguration;
			buildSettings = {
				ALWAYS_SEARCH_USER_PATHS = NO;
				CLANG_ANALYZER_NONNULL = YES;
				CLANG_ANALYZER_NUMBER_OBJECT_CONVERSION = YES_AGGRESSIVE;
				CLANG_CXX_LANGUAGE_STANDARD = "gnu++17";
				CLANG_CXX_LIBRARY = "libc++";
				CLANG_ENABLE_MODULES = YES;
				CLANG_ENABLE_OBJC_ARC = YES;
				CLANG_ENABLE_OBJC_WEAK = YES;
				CLANG_WARN_BLOCK_CAPTURE_AUTORELEASING = YES;
				CLANG_WARN_BOOL_CONVERSION = YES;
				CLANG_WARN_COMMA = YES;
				CLANG_WARN_CONSTANT_CONVERSION = YES;
				CLANG_WARN_DEPRECATED_OBJC_IMPLEMENTATIONS = YES;
				CLANG_WARN_DIRECT_OBJC_ISA_USAGE = YES_ERROR;
				CLANG_WARN_DOCUMENTATION_COMMENTS = YES;
				CLANG_WARN_EMPTY_BODY = YES;
				CLANG_WARN_ENUM_CONVERSION = YES;
				CLANG_WARN_INFINITE_RECURSION = YES;
				CLANG_WARN_INT_CONVERSION = YES;
				CLANG_WARN_NON_LITERAL_NULL_CONVERSION = YES;
				CLANG_WARN_OBJC_IMPLICIT_RETAIN_SELF = YES;
				CLANG_WARN_OBJC_LITERAL_CONVERSION = YES;
				CLANG_WARN_OBJC_ROOT_CLASS = YES_ERROR;
				CLANG_WARN_QUOTED_INCLUDE_IN_FRAMEWORK_HEADER = YES;
				CLANG_WARN_RANGE_LOOP_ANALYSIS = YES;
				CLANG_WARN_STRICT_PROTOTYPES = YES;
				CLANG_WARN_SUSPICIOUS_MOVE = YES;
				CLANG_WARN_UNGUARDED_AVAILABILITY = YES_AGGRESSIVE;
				CLANG_WARN_UNREACHABLE_CODE = YES;
				CLANG_WARN__DUPLICATE_METHOD_MATCH = YES;
				COPY_PHASE_STRIP = NO;
				DEBUG_INFORMATION_FORMAT = "dwarf-with-dsym";
				ENABLE_NS_ASSERTIONS = NO;
				ENABLE_STRICT_OBJC_MSGSEND = YES;
				GCC_C_LANGUAGE_STANDARD = gnu11;
				GCC_NO_COMMON_BLOCKS = YES;
				GCC_WARN_64_TO_32_BIT_CONVERSION = YES;
				GCC_WARN_ABOUT_RETURN_TYPE = YES_ERROR;
				GCC_WARN_UNDECLARED_SELECTOR = YES;
				GCC_WARN_UNINITIALIZED_AUTOS = YES_AGGRESSIVE;
				GCC_WARN_UNUSED_FUNCTION = YES;
				GCC_WARN_UNUSED_VARIABLE = YES;
				IPHONEOS_DEPLOYMENT_TARGET = 15.0;
				MTL_ENABLE_DEBUG_INFO = NO;
				MTL_FAST_MATH = YES;
				SDKROOT = iphoneos;
				SWIFT_COMPILATION_MODE = wholemodule;
				SWIFT_OPTIMIZATION_LEVEL = "-O";
				VALIDATE_PRODUCT = YES;
			};
			name = Release;
		};
		4584276E2855A23100008108 /* Debug */ = {
			isa = XCBuildConfiguration;
			buildSettings = {
				ASSETCATALOG_COMPILER_APPICON_NAME = AppIcon;
				ASSETCATALOG_COMPILER_GLOBAL_ACCENT_COLOR_NAME = AccentColor;
				CODE_SIGN_STYLE = Automatic;
				CURRENT_PROJECT_VERSION = 1;
				DEVELOPMENT_ASSET_PATHS = "\"GameViewApp/Preview Content\"";
				DEVELOPMENT_TEAM = 65PVQTJMBH;
				ENABLE_PREVIEWS = YES;
				GENERATE_INFOPLIST_FILE = YES;
				INFOPLIST_KEY_NSCameraUsageDescription = "Cámara para foto de perfil";
				INFOPLIST_KEY_UIApplicationSceneManifest_Generation = YES;
				INFOPLIST_KEY_UIApplicationSupportsIndirectInputEvents = YES;
				INFOPLIST_KEY_UILaunchScreen_Generation = YES;
				INFOPLIST_KEY_UISupportedInterfaceOrientations_iPad = "UIInterfaceOrientationPortrait UIInterfaceOrientationPortraitUpsideDown UIInterfaceOrientationLandscapeLeft UIInterfaceOrientationLandscapeRight";
				INFOPLIST_KEY_UISupportedInterfaceOrientations_iPhone = "UIInterfaceOrientationPortrait UIInterfaceOrientationLandscapeLeft UIInterfaceOrientationLandscapeRight";
				IPHONEOS_DEPLOYMENT_TARGET = 15.0;
				LD_RUNPATH_SEARCH_PATHS = (
					"$(inherited)",
					"@executable_path/Frameworks",
				);
				MARKETING_VERSION = 1.0;
				PRODUCT_BUNDLE_IDENTIFIER = com.mimslab.GameViewApp;
				PRODUCT_NAME = "$(TARGET_NAME)";
				SWIFT_EMIT_LOC_STRINGS = YES;
				SWIFT_VERSION = 5.0;
				TARGETED_DEVICE_FAMILY = "1,2";
			};
			name = Debug;
		};
		4584276F2855A23100008108 /* Release */ = {
			isa = XCBuildConfiguration;
			buildSettings = {
				ASSETCATALOG_COMPILER_APPICON_NAME = AppIcon;
				ASSETCATALOG_COMPILER_GLOBAL_ACCENT_COLOR_NAME = AccentColor;
				CODE_SIGN_STYLE = Automatic;
				CURRENT_PROJECT_VERSION = 1;
				DEVELOPMENT_ASSET_PATHS = "\"GameViewApp/Preview Content\"";
				DEVELOPMENT_TEAM = 65PVQTJMBH;
				ENABLE_PREVIEWS = YES;
				GENERATE_INFOPLIST_FILE = YES;
				INFOPLIST_KEY_NSCameraUsageDescription = "Cámara para foto de perfil";
				INFOPLIST_KEY_UIApplicationSceneManifest_Generation = YES;
				INFOPLIST_KEY_UIApplicationSupportsIndirectInputEvents = YES;
				INFOPLIST_KEY_UILaunchScreen_Generation = YES;
				INFOPLIST_KEY_UISupportedInterfaceOrientations_iPad = "UIInterfaceOrientationPortrait UIInterfaceOrientationPortraitUpsideDown UIInterfaceOrientationLandscapeLeft UIInterfaceOrientationLandscapeRight";
				INFOPLIST_KEY_UISupportedInterfaceOrientations_iPhone = "UIInterfaceOrientationPortrait UIInterfaceOrientationLandscapeLeft UIInterfaceOrientationLandscapeRight";
				IPHONEOS_DEPLOYMENT_TARGET = 15.0;
				LD_RUNPATH_SEARCH_PATHS = (
					"$(inherited)",
					"@executable_path/Frameworks",
				);
				MARKETING_VERSION = 1.0;
				PRODUCT_BUNDLE_IDENTIFIER = com.mimslab.GameViewApp;
				PRODUCT_NAME = "$(TARGET_NAME)";
				SWIFT_EMIT_LOC_STRINGS = YES;
				SWIFT_VERSION = 5.0;
				TARGETED_DEVICE_FAMILY = "1,2";
			};
			name = Release;
		};
/* End XCBuildConfiguration section */

/* Begin XCConfigurationList section */
		4584275A2855A22E00008108 /* Build configuration list for PBXProject "GameViewApp" */ = {
			isa = XCConfigurationList;
			buildConfigurations = (
				4584276B2855A23100008108 /* Debug */,
				4584276C2855A23100008108 /* Release */,
			);
			defaultConfigurationIsVisible = 0;
			defaultConfigurationName = Release;
		};
		4584276D2855A23100008108 /* Build configuration list for PBXNativeTarget "GameViewApp" */ = {
			isa = XCConfigurationList;
			buildConfigurations = (
				4584276E2855A23100008108 /* Debug */,
				4584276F2855A23100008108 /* Release */,
			);
			defaultConfigurationIsVisible = 0;
			defaultConfigurationName = Release;
		};
/* End XCConfigurationList section */

/* Begin XCRemoteSwiftPackageReference section */
		45617FD5285933F800DF1829 /* XCRemoteSwiftPackageReference "Kingfisher" */ = {
			isa = XCRemoteSwiftPackageReference;
			repositoryURL = "https://github.com/onevcat/Kingfisher.git";
			requirement = {
				kind = upToNextMajorVersion;
				minimumVersion = 7.0.0;
			};
		};
/* End XCRemoteSwiftPackageReference section */

/* Begin XCSwiftPackageProductDependency section */
		45617FD6285933F800DF1829 /* Kingfisher */ = {
			isa = XCSwiftPackageProductDependency;
			package = 45617FD5285933F800DF1829 /* XCRemoteSwiftPackageReference "Kingfisher" */;
			productName = Kingfisher;
		};
/* End XCSwiftPackageProductDependency section */
	};
	rootObject = 458427572855A22E00008108 /* Project object */;
}
